github.com/QUNETOL57/go-automacon-course/lesson_10/task_10_4/hello_module v1.0.0 h1:Wmpaeoa4uG0IPl7zB6xwgZG1P6kt9PBFS0KnV/X4YjQ=
github.com/QUNETOL57/go-automacon-course/lesson_10/task_10_4/hello_module v1.0.0/go.mod h1:mtb5hshFee23Twoa3+YuLrt7rhx9b532crb7vSOu/ek=
github.com/QUNETOL57/go-automacon-course/lesson_10/task_10_4/hello_module v1.1.0 h1:ORJ12tlatYPesbm96dKKTasUI47M12fGq3jQkk5CJ/g=
github.com/QUNETOL57/go-automacon-course/lesson_10/task_10_4/hello_module v1.1.0/go.mod h1:mtb5hshFee23Twoa3+YuLrt7rhx9b532crb7vSOu/ek=
